
Microsoft Visual Studio Solution File, Format Version 12.00
# Visual Studio Version 17
VisualStudioVersion = 17.14.36203.30 d17.14
MinimumVisualStudioVersion = 10.0.40219.1
Project("{FAE04EC0-301F-11D3-BF4B-00C04F79EFBC}") = "SqlInjection", "SqlInjection\SqlInjection.csproj", "{6331BDC6-7BEA-47C2-A766-F08B8CC31030}"
EndProject
Global
	GlobalSection(SolutionConfigurationPlatforms) = preSolution
		Debug|Any CPU = Debug|Any CPU
		Release|Any CPU = Release|Any CPU
	EndGlobalSection
	GlobalSection(ProjectConfigurationPlatforms) = postSolution
		{6331BDC6-7BEA-47C2-A766-F08B8CC31030}.Debug|Any CPU.ActiveCfg = Debug|Any CPU
		{6331BDC6-7BEA-47C2-A766-F08B8CC31030}.Debug|Any CPU.Build.0 = Debug|Any CPU
		{6331BDC6-7BEA-47C2-A766-F08B8CC31030}.Release|Any CPU.ActiveCfg = Release|Any CPU
		{6331BDC6-7BEA-47C2-A766-F08B8CC31030}.Release|Any CPU.Build.0 = Release|Any CPU
	EndGlobalSection
	GlobalSection(SolutionProperties) = preSolution
		HideSolutionNode = FALSE
	EndGlobalSection
	GlobalSection(ExtensibilityGlobals) = postSolution
		SolutionGuid = {22F325E4-3591-4B1E-93AA-5BD55A0FB7A4}
	EndGlobalSection
EndGlobal
